<Solution>
  <Folder Name="/Frontend/">
    <Project Path="Mango.Web/Mango.Web.csproj" />
  </Folder>
  <Folder Name="/Services/">
    <Project Path="Mango.Services.Identity/Mango.Services.Identity.csproj" />
    <Project Path="Mango.Services.ProductAPI/Mango.Services.ProductAPI.csproj" />
  </Folder>
</Solution>
